
Microsoft Visual Studio Solution File, Format Version 12.00
Project("{FAE04EC0-301F-11D3-BF4B-00C04F79EFBC}") = "Pokedex", "Pokedex\Pokedex.csproj", "{93B60906-778A-43CC-B63F-9202FF6EC029}"
EndProject
Project("{FAE04EC0-301F-11D3-BF4B-00C04F79EFBC}") = "PokedexTests", "PokedexTests\PokedexTests.csproj", "{5F847630-40C8-4748-9E8E-88DC40C50D28}"
EndProject
Global
	GlobalSection(SolutionConfigurationPlatforms) = preSolution
		Debug|Any CPU = Debug|Any CPU
		Release|Any CPU = Release|Any CPU
	EndGlobalSection
	GlobalSection(ProjectConfigurationPlatforms) = postSolution
		{93B60906-778A-43CC-B63F-9202FF6EC029}.Debug|Any CPU.ActiveCfg = Debug|Any CPU
		{93B60906-778A-43CC-B63F-9202FF6EC029}.Debug|Any CPU.Build.0 = Debug|Any CPU
		{93B60906-778A-43CC-B63F-9202FF6EC029}.Release|Any CPU.ActiveCfg = Release|Any CPU
		{93B60906-778A-43CC-B63F-9202FF6EC029}.Release|Any CPU.Build.0 = Release|Any CPU
		{5F847630-40C8-4748-9E8E-88DC40C50D28}.Debug|Any CPU.ActiveCfg = Debug|Any CPU
		{5F847630-40C8-4748-9E8E-88DC40C50D28}.Debug|Any CPU.Build.0 = Debug|Any CPU
		{5F847630-40C8-4748-9E8E-88DC40C50D28}.Release|Any CPU.ActiveCfg = Release|Any CPU
		{5F847630-40C8-4748-9E8E-88DC40C50D28}.Release|Any CPU.Build.0 = Release|Any CPU
	EndGlobalSection
EndGlobal
